
Microsoft Visual Studio Solution File, Format Version 12.00
# Visual Studio Version 17
VisualStudioVersion = 17.5.002.0
MinimumVisualStudioVersion = 10.0.40219.1
Project("{9A19103F-16F7-4668-BE54-9A1E7A4F7556}") = "SaveDialogLib", "SaveDialogLib\SaveDialogLib.csproj", "{3FAE7738-B306-4E90-BCD0-A038F374DBE5}"
EndProject
Project("{FAE04EC0-301F-11D3-BF4B-00C04F79EFBC}") = "SaveDialogTest", "SaveDialogTest\SaveDialogTest.csproj", "{197173BC-76D9-49F8-A56D-6E8E58BEBCB9}"
EndProject
Global
	GlobalSection(SolutionConfigurationPlatforms) = preSolution
		Debug|Any CPU = Debug|Any CPU
		Release|Any CPU = Release|Any CPU
	EndGlobalSection
	GlobalSection(ProjectConfigurationPlatforms) = postSolution
		{3FAE7738-B306-4E90-BCD0-A038F374DBE5}.Debug|Any CPU.ActiveCfg = Debug|Any CPU
		{3FAE7738-B306-4E90-BCD0-A038F374DBE5}.Debug|Any CPU.Build.0 = Debug|Any CPU
		{3FAE7738-B306-4E90-BCD0-A038F374DBE5}.Release|Any CPU.ActiveCfg = Release|Any CPU
		{3FAE7738-B306-4E90-BCD0-A038F374DBE5}.Release|Any CPU.Build.0 = Release|Any CPU
		{197173BC-76D9-49F8-A56D-6E8E58BEBCB9}.Debug|Any CPU.ActiveCfg = Debug|Any CPU
		{197173BC-76D9-49F8-A56D-6E8E58BEBCB9}.Debug|Any CPU.Build.0 = Debug|Any CPU
		{197173BC-76D9-49F8-A56D-6E8E58BEBCB9}.Release|Any CPU.ActiveCfg = Release|Any CPU
		{197173BC-76D9-49F8-A56D-6E8E58BEBCB9}.Release|Any CPU.Build.0 = Release|Any CPU
	EndGlobalSection
	GlobalSection(SolutionProperties) = preSolution
		HideSolutionNode = FALSE
	EndGlobalSection
	GlobalSection(ExtensibilityGlobals) = postSolution
		SolutionGuid = {78A981FA-E28F-4031-A07A-BBD874CBD632}
	EndGlobalSection
EndGlobal
